github.com/clambin/go-common/testutils v0.5.0 h1:kh/0kuBiFL2oeZJ3EgkRyQphqXQmQYqsS3z07a2R2AM=
github.com/clambin/go-common/testutils v0.5.0/go.mod h1:bV0j8D4zhNkleCeluFKLBeLQ0L/dqkxbaR/joLn8kzg=
golang.org/x/net v0.36.0 h1:vWF2fRbw4qslQsQzgFqZff+BItCvGFQqKzKIzx1rmoA=
golang.org/x/net v0.36.0/go.mod h1:bFmbeoIPfrw4sMHNhb4J9f6+tPziuGjq7Jk/38fxi1I=
