github.com/clambin/go-common/testutils v0.6.0 h1:12XnB4C4qgxl/U0TF3/GpyrFLqDOxU3xXfF8pp94Yy8=
github.com/clambin/go-common/testutils v0.6.0/go.mod h1:LEksddXdgSiq3C3yR5FhQNgNX/exEsa1vXV5mTAG9H4=
golang.org/x/net v0.37.0 h1:1zLorHbz+LYj7MQlSf1+2tPIIgibq2eL5xkrGk6f+2c=
golang.org/x/net v0.37.0/go.mod h1:ivrbrMbzFq5J41QOQh0siUuly180yBYtLp+CKbEaFx8=
