github.com/clambin/go-common/testutils v0.5.0 h1:kh/0kuBiFL2oeZJ3EgkRyQphqXQmQYqsS3z07a2R2AM=
github.com/clambin/go-common/testutils v0.5.0/go.mod h1:bV0j8D4zhNkleCeluFKLBeLQ0L/dqkxbaR/joLn8kzg=
golang.org/x/net v0.39.0 h1:ZCu7HMWDxpXpaiKdhzIfaltL9Lp31x/3fCP11bc6/fY=
golang.org/x/net v0.39.0/go.mod h1:X7NRbYVEA+ewNkCNyJ513WmMdQ3BineSwVtN2zD/d+E=
